<?xml version="1.0" encoding="utf-8"?>
<Project ToolsVersion="4.0" xmlns="http://schemas.microsoft.com/developer/msbuild/2003">
  <ItemGroup>
    <Filter Include="Quelldateien">
      <UniqueIdentifier>{4FC737F1-C7A5-4376-A066-2A32D752A2FF}</UniqueIdentifier>
      <Extensions>cpp;c;cc;cxx;c++;cppm;ixx;def;odl;idl;hpj;bat;asm;asmx</Extensions>
    </Filter>
    <Filter Include="Headerdateien">
      <UniqueIdentifier>{93995380-89BD-4b04-88EB-625FBE52EBFB}</UniqueIdentifier>
      <Extensions>h;hh;hpp;hxx;h++;hm;inl;inc;ipp;xsd</Extensions>
    </Filter>
    <Filter Include="Ressourcendateien">
      <UniqueIdentifier>{67DA6AB6-F800-4c08-8B7A-83BB121AAD01}</UniqueIdentifier>
      <Extensions>rc;ico;cur;bmp;dlg;rc2;rct;bin;rgs;gif;jpg;jpeg;jpe;resx;tiff;tif;png;wav;mfcribbon-ms</Extensions>
    </Filter>
    <Filter Include="Quelldateien\imgui">
      <UniqueIdentifier>{76a78537-7d7b-46b6-9596-abf99b9bdb7b}</UniqueIdentifier>
    </Filter>
  </ItemGroup>
  <ItemGroup>
    <ClCompile Include="src\Missile_Simulator_3D.cpp">
      <Filter>Quelldateien</Filter>
    </ClCompile>
    <ClCompile Include="src\Simulation.cpp">
      <Filter>Quelldateien</Filter>
    </ClCompile>
    <ClCompile Include="src\stb_handler.cpp">
      <Filter>Quelldateien</Filter>
    </ClCompile>
    <ClCompile Include="src\Engine.cpp">
      <Filter>Quelldateien</Filter>
    </ClCompile>
    <ClCompile Include="src\glad.c">
      <Filter>Quelldateien</Filter>
    </ClCompile>
    <ClCompile Include="imgui\imgui_tables.cpp">
      <Filter>Quelldateien\imgui</Filter>
    </ClCompile>
    <ClCompile Include="imgui\imgui_widgets.cpp">
      <Filter>Quelldateien\imgui</Filter>
    </ClCompile>
    <ClCompile Include="imgui\imgui.cpp">
      <Filter>Quelldateien\imgui</Filter>
    </ClCompile>
    <ClCompile Include="imgui\imgui_demo.cpp">
      <Filter>Quelldateien\imgui</Filter>
    </ClCompile>
    <ClCompile Include="imgui\imgui_draw.cpp">
      <Filter>Quelldateien\imgui</Filter>
    </ClCompile>
    <ClCompile Include="imgui\imgui_impl_glfw.cpp">
      <Filter>Quelldateien\imgui</Filter>
    </ClCompile>
    <ClCompile Include="imgui\imgui_impl_opengl3.cpp">
      <Filter>Quelldateien\imgui</Filter>
    </ClCompile>
    <ClCompile Include="src\Planes.cpp">
      <Filter>Quelldateien</Filter>
    </ClCompile>
    <ClCompile Include="src\Missile.cpp">
      <Filter>Quelldateien</Filter>
    </ClCompile>
    <ClCompile Include="src\Torret.cpp">
      <Filter>Quelldateien</Filter>
    </ClCompile>
    <ClCompile Include="src\Particle.cpp">
      <Filter>Quelldateien</Filter>
    </ClCompile>
    <ClCompile Include="src\ParticleRenderer.cpp">
      <Filter>Quelldateien</Filter>
    </ClCompile>
    <ClCompile Include="src\ParticleMaster.cpp">
      <Filter>Quelldateien</Filter>
    </ClCompile>
    <ClCompile Include="src\GunTower.cpp">
      <Filter>Quelldateien</Filter>
    </ClCompile>
    <ClCompile Include="src\ParticleTextureHandler.cpp">
      <Filter>Quelldateien</Filter>
    </ClCompile>
  </ItemGroup>
  <ItemGroup>
    <ClInclude Include="src\Engine.h">
      <Filter>Headerdateien</Filter>
    </ClInclude>
    <ClInclude Include="src\Simulation.h">
      <Filter>Headerdateien</Filter>
    </ClInclude>
    <ClInclude Include="src\Planes.h">
      <Filter>Headerdateien</Filter>
    </ClInclude>
    <ClInclude Include="src\Missile.h">
      <Filter>Headerdateien</Filter>
    </ClInclude>
    <ClInclude Include="src\Torret.h">
      <Filter>Headerdateien</Filter>
    </ClInclude>
    <ClInclude Include="src\Particle.h">
      <Filter>Headerdateien</Filter>
    </ClInclude>
    <ClInclude Include="src\ParticleRenderer.h">
      <Filter>Headerdateien</Filter>
    </ClInclude>
    <ClInclude Include="src\ParticleMaster.h">
      <Filter>Headerdateien</Filter>
    </ClInclude>
    <ClInclude Include="src\GunTower.h">
      <Filter>Headerdateien</Filter>
    </ClInclude>
    <ClInclude Include="src\ParticleTextureHandler.h">
      <Filter>Headerdateien</Filter>
    </ClInclude>
  </ItemGroup>
  <ItemGroup>
    <None Include="Shader\cubemap.fs">
      <Filter>Ressourcendateien</Filter>
    </None>
    <None Include="Shader\cubemap.vs">
      <Filter>Ressourcendateien</Filter>
    </None>
    <None Include="Shader\screen.fs">
      <Filter>Ressourcendateien</Filter>
    </None>
    <None Include="Shader\screen.vs">
      <Filter>Ressourcendateien</Filter>
    </None>
    <None Include="Shader\sun.fs">
      <Filter>Ressourcendateien</Filter>
    </None>
    <None Include="Shader\sun.vs">
      <Filter>Ressourcendateien</Filter>
    </None>
    <None Include="Shader\text.fs">
      <Filter>Ressourcendateien</Filter>
    </None>
    <None Include="Shader\text.vs">
      <Filter>Ressourcendateien</Filter>
    </None>
    <None Include="Shader\cube.fs">
      <Filter>Ressourcendateien</Filter>
    </None>
    <None Include="Shader\cube.vs">
      <Filter>Ressourcendateien</Filter>
    </None>
    <None Include="Shader\ground.vs">
      <Filter>Ressourcendateien</Filter>
    </None>
    <None Include="Shader\ground.fs">
      <Filter>Ressourcendateien</Filter>
    </None>
    <None Include="Shader\plane.vs">
      <Filter>Ressourcendateien</Filter>
    </None>
    <None Include="Shader\plane.fs">
      <Filter>Ressourcendateien</Filter>
    </None>
    <None Include="Shader\missile.vs">
      <Filter>Ressourcendateien</Filter>
    </None>
    <None Include="Shader\missile.fs">
      <Filter>Ressourcendateien</Filter>
    </None>
    <None Include="Shader\torret.vs">
      <Filter>Ressourcendateien</Filter>
    </None>
    <None Include="Shader\torret.fs">
      <Filter>Ressourcendateien</Filter>
    </None>
    <None Include="Shader\particle.vs">
      <Filter>Ressourcendateien</Filter>
    </None>
    <None Include="Shader\particle.fs">
      <Filter>Ressourcendateien</Filter>
    </None>
    <None Include="Shader\explosion.fs">
      <Filter>Ressourcendateien</Filter>
    </None>
    <None Include="Shader\explosion.vs">
      <Filter>Ressourcendateien</Filter>
    </None>
  </ItemGroup>
</Project>