<?xml version="1.0" encoding="utf-8"?>
<Project ToolsVersion="4.0" xmlns="http://schemas.microsoft.com/developer/msbuild/2003">
  <ItemGroup>
    <Filter Include="Quelldateien">
      <UniqueIdentifier>{4FC737F1-C7A5-4376-A066-2A32D752A2FF}</UniqueIdentifier>
      <Extensions>cpp;c;cc;cxx;c++;cppm;ixx;def;odl;idl;hpj;bat;asm;asmx</Extensions>
    </Filter>
    <Filter Include="Headerdateien">
      <UniqueIdentifier>{93995380-89BD-4b04-88EB-625FBE52EBFB}</UniqueIdentifier>
      <Extensions>h;hh;hpp;hxx;h++;hm;inl;inc;ipp;xsd</Extensions>
    </Filter>
    <Filter Include="Ressourcendateien">
      <UniqueIdentifier>{67DA6AB6-F800-4c08-8B7A-83BB121AAD01}</UniqueIdentifier>
      <Extensions>rc;ico;cur;bmp;dlg;rc2;rct;bin;rgs;gif;jpg;jpeg;jpe;resx;tiff;tif;png;wav;mfcribbon-ms</Extensions>
    </Filter>
    <Filter Include="Quelldateien\imgui">
      <UniqueIdentifier>{76a78537-7d7b-46b6-9596-abf99b9bdb7b}</UniqueIdentifier>
    </Filter>
    <Filter Include="Quelldateien\Particles">
      <UniqueIdentifier>{efc21374-d1a0-4eff-b1b3-28b1295dc286}</UniqueIdentifier>
    </Filter>
    <Filter Include="Headerdateien\Particles">
      <UniqueIdentifier>{2dc40a05-1684-4952-81f3-fc9cc8110c58}</UniqueIdentifier>
    </Filter>
    <Filter Include="Headerdateien\Terrain">
      <UniqueIdentifier>{be9bb57c-8782-4d41-bc73-f93e4f4b050e}</UniqueIdentifier>
    </Filter>
    <Filter Include="Headerdateien\Engine">
      <UniqueIdentifier>{cf049151-03bf-45da-9375-f3be6b14fb1e}</UniqueIdentifier>
    </Filter>
    <Filter Include="Quelldateien\Engine">
      <UniqueIdentifier>{0865ff97-f4d9-4c1a-a20f-daf7330f54d3}</UniqueIdentifier>
    </Filter>
  </ItemGroup>
  <ItemGroup>
    <ClCompile Include="src\Simulation.cpp">
      <Filter>Quelldateien</Filter>
    </ClCompile>
    <ClCompile Include="imgui\imgui_tables.cpp">
      <Filter>Quelldateien\imgui</Filter>
    </ClCompile>
    <ClCompile Include="imgui\imgui_widgets.cpp">
      <Filter>Quelldateien\imgui</Filter>
    </ClCompile>
    <ClCompile Include="imgui\imgui.cpp">
      <Filter>Quelldateien\imgui</Filter>
    </ClCompile>
    <ClCompile Include="imgui\imgui_demo.cpp">
      <Filter>Quelldateien\imgui</Filter>
    </ClCompile>
    <ClCompile Include="imgui\imgui_draw.cpp">
      <Filter>Quelldateien\imgui</Filter>
    </ClCompile>
    <ClCompile Include="imgui\imgui_impl_glfw.cpp">
      <Filter>Quelldateien\imgui</Filter>
    </ClCompile>
    <ClCompile Include="imgui\imgui_impl_opengl3.cpp">
      <Filter>Quelldateien\imgui</Filter>
    </ClCompile>
    <ClCompile Include="src\Planes.cpp">
      <Filter>Quelldateien</Filter>
    </ClCompile>
    <ClCompile Include="src\Missile.cpp">
      <Filter>Quelldateien</Filter>
    </ClCompile>
    <ClCompile Include="src\Torret.cpp">
      <Filter>Quelldateien</Filter>
    </ClCompile>
    <ClCompile Include="src\GunTower.cpp">
      <Filter>Quelldateien</Filter>
    </ClCompile>
    <ClCompile Include="src\Particle.cpp">
      <Filter>Quelldateien\Particles</Filter>
    </ClCompile>
    <ClCompile Include="src\ParticleMaster.cpp">
      <Filter>Quelldateien\Particles</Filter>
    </ClCompile>
    <ClCompile Include="src\ParticleRenderer.cpp">
      <Filter>Quelldateien\Particles</Filter>
    </ClCompile>
    <ClCompile Include="src\ParticleTextureHandler.cpp">
      <Filter>Quelldateien\Particles</Filter>
    </ClCompile>
    <ClCompile Include="src\Engine.cpp">
      <Filter>Quelldateien\Engine</Filter>
    </ClCompile>
    <ClCompile Include="src\glad.c">
      <Filter>Quelldateien\Engine</Filter>
    </ClCompile>
    <ClCompile Include="src\stb_handler.cpp">
      <Filter>Quelldateien\Engine</Filter>
    </ClCompile>
    <ClCompile Include="src\Missile_Simulator_3D.cpp">
      <Filter>Quelldateien\Engine</Filter>
    </ClCompile>
    <ClCompile Include="src\PlaneMaster.cpp">
      <Filter>Quelldateien</Filter>
    </ClCompile>
    <ClCompile Include="src\MissileMaster.cpp">
      <Filter>Quelldateien</Filter>
    </ClCompile>
    <ClCompile Include="src\CollisionMaster.cpp">
      <Filter>Quelldateien</Filter>
    </ClCompile>
    <ClCompile Include="src\TorretMaster.cpp">
      <Filter>Quelldateien</Filter>
    </ClCompile>
    <ClCompile Include="src\MissileTruckMaster.cpp">
      <Filter>Quelldateien</Filter>
    </ClCompile>
    <ClCompile Include="src\S400Master.cpp">
      <Filter>Quelldateien</Filter>
    </ClCompile>
    <ClCompile Include="src\GunTowerMaster.cpp">
      <Filter>Quelldateien</Filter>
    </ClCompile>
    <ClCompile Include="src\BulletMaster.cpp">
      <Filter>Quelldateien</Filter>
    </ClCompile>
    <ClCompile Include="src\ScreenRenderer.cpp">
      <Filter>Quelldateien</Filter>
    </ClCompile>
    <ClCompile Include="src\RangeRenderer.cpp">
      <Filter>Quelldateien</Filter>
    </ClCompile>
    <ClCompile Include="src\Settings.cpp">
      <Filter>Quelldateien</Filter>
    </ClCompile>
    <ClCompile Include="src\InputController.cpp">
      <Filter>Quelldateien</Filter>
    </ClCompile>
    <ClCompile Include="src\CameraMaster.cpp">
      <Filter>Quelldateien</Filter>
    </ClCompile>
    <ClCompile Include="src\Helper.cpp">
      <Filter>Quelldateien</Filter>
    </ClCompile>
    <ClCompile Include="src\TerrrainGenerator.cpp">
      <Filter>Quelldateien</Filter>
    </ClCompile>
  </ItemGroup>
  <ItemGroup>
    <ClInclude Include="src\Simulation.h">
      <Filter>Headerdateien</Filter>
    </ClInclude>
    <ClInclude Include="src\Planes.h">
      <Filter>Headerdateien</Filter>
    </ClInclude>
    <ClInclude Include="src\Missile.h">
      <Filter>Headerdateien</Filter>
    </ClInclude>
    <ClInclude Include="src\Torret.h">
      <Filter>Headerdateien</Filter>
    </ClInclude>
    <ClInclude Include="src\GunTower.h">
      <Filter>Headerdateien</Filter>
    </ClInclude>
    <ClInclude Include="src\ParticleMaster.h">
      <Filter>Headerdateien\Particles</Filter>
    </ClInclude>
    <ClInclude Include="src\ParticleRenderer.h">
      <Filter>Headerdateien\Particles</Filter>
    </ClInclude>
    <ClInclude Include="src\ParticleTextureHandler.h">
      <Filter>Headerdateien\Particles</Filter>
    </ClInclude>
    <ClInclude Include="src\Particle.h">
      <Filter>Headerdateien\Particles</Filter>
    </ClInclude>
    <ClInclude Include="src\FastNoiseLite.h">
      <Filter>Headerdateien\Terrain</Filter>
    </ClInclude>
    <ClInclude Include="src\TerrrainGenerator.h">
      <Filter>Headerdateien\Terrain</Filter>
    </ClInclude>
    <ClInclude Include="src\Engine.h">
      <Filter>Headerdateien\Engine</Filter>
    </ClInclude>
    <ClInclude Include="src\Loader.h">
      <Filter>Headerdateien\Engine</Filter>
    </ClInclude>
    <ClInclude Include="src\PlaneMaster.h">
      <Filter>Headerdateien</Filter>
    </ClInclude>
    <ClInclude Include="src\MissileMaster.h">
      <Filter>Headerdateien</Filter>
    </ClInclude>
    <ClInclude Include="src\CollisionMaster.h">
      <Filter>Headerdateien</Filter>
    </ClInclude>
    <ClInclude Include="src\TorretMaster.h">
      <Filter>Headerdateien</Filter>
    </ClInclude>
    <ClInclude Include="src\MissileTruckMaster.h">
      <Filter>Headerdateien</Filter>
    </ClInclude>
    <ClInclude Include="src\S400Master.h">
      <Filter>Headerdateien</Filter>
    </ClInclude>
    <ClInclude Include="src\GunTowerMaster.h">
      <Filter>Headerdateien</Filter>
    </ClInclude>
    <ClInclude Include="src\BulletMaster.h">
      <Filter>Headerdateien</Filter>
    </ClInclude>
    <ClInclude Include="src\ScreenRenderer.h">
      <Filter>Headerdateien</Filter>
    </ClInclude>
    <ClInclude Include="src\Helper.h">
      <Filter>Headerdateien</Filter>
    </ClInclude>
    <ClInclude Include="src\RangeRenderer.h">
      <Filter>Headerdateien</Filter>
    </ClInclude>
    <ClInclude Include="src\Settings.h">
      <Filter>Headerdateien</Filter>
    </ClInclude>
    <ClInclude Include="src\InputController.h">
      <Filter>Headerdateien</Filter>
    </ClInclude>
    <ClInclude Include="src\CameraMaster.h">
      <Filter>Headerdateien</Filter>
    </ClInclude>
  </ItemGroup>
  <ItemGroup>
    <None Include="Shader\cubemap.fs">
      <Filter>Ressourcendateien</Filter>
    </None>
    <None Include="Shader\cubemap.vs">
      <Filter>Ressourcendateien</Filter>
    </None>
    <None Include="Shader\screen.fs">
      <Filter>Ressourcendateien</Filter>
    </None>
    <None Include="Shader\screen.vs">
      <Filter>Ressourcendateien</Filter>
    </None>
    <None Include="Shader\sun.fs">
      <Filter>Ressourcendateien</Filter>
    </None>
    <None Include="Shader\sun.vs">
      <Filter>Ressourcendateien</Filter>
    </None>
    <None Include="Shader\text.fs">
      <Filter>Ressourcendateien</Filter>
    </None>
    <None Include="Shader\text.vs">
      <Filter>Ressourcendateien</Filter>
    </None>
    <None Include="Shader\cube.fs">
      <Filter>Ressourcendateien</Filter>
    </None>
    <None Include="Shader\cube.vs">
      <Filter>Ressourcendateien</Filter>
    </None>
    <None Include="Shader\plane.vs">
      <Filter>Ressourcendateien</Filter>
    </None>
    <None Include="Shader\plane.fs">
      <Filter>Ressourcendateien</Filter>
    </None>
    <None Include="Shader\missile.vs">
      <Filter>Ressourcendateien</Filter>
    </None>
    <None Include="Shader\missile.fs">
      <Filter>Ressourcendateien</Filter>
    </None>
    <None Include="Shader\torret.vs">
      <Filter>Ressourcendateien</Filter>
    </None>
    <None Include="Shader\torret.fs">
      <Filter>Ressourcendateien</Filter>
    </None>
    <None Include="Shader\particle.vs">
      <Filter>Ressourcendateien</Filter>
    </None>
    <None Include="Shader\particle.fs">
      <Filter>Ressourcendateien</Filter>
    </None>
    <None Include="Shader\explosion.fs">
      <Filter>Ressourcendateien</Filter>
    </None>
    <None Include="Shader\explosion.vs">
      <Filter>Ressourcendateien</Filter>
    </None>
    <None Include="Shader\terrain.fs">
      <Filter>Ressourcendateien</Filter>
    </None>
    <None Include="Shader\terrain.vs">
      <Filter>Ressourcendateien</Filter>
    </None>
    <None Include="Shader\range.vs">
      <Filter>Ressourcendateien</Filter>
    </None>
    <None Include="Shader\range.fs">
      <Filter>Ressourcendateien</Filter>
    </None>
  </ItemGroup>
</Project>